
Microsoft Visual Studio Solution File, Format Version 12.00
# Visual Studio Version 17
VisualStudioVersion = 17.3.32804.467
MinimumVisualStudioVersion = 10.0.40219.1
Project("{FAE04EC0-301F-11D3-BF4B-00C04F79EFBC}") = "Mahasiswa1", "Mahasiswa1\Mahasiswa1.csproj", "{397F8402-364F-4021-BDC3-3806ABE9E105}"
EndProject
Global
	GlobalSection(SolutionConfigurationPlatforms) = preSolution
		Debug|Any CPU = Debug|Any CPU
		Release|Any CPU = Release|Any CPU
	EndGlobalSection
	GlobalSection(ProjectConfigurationPlatforms) = postSolution
		{397F8402-364F-4021-BDC3-3806ABE9E105}.Debug|Any CPU.ActiveCfg = Debug|Any CPU
		{397F8402-364F-4021-BDC3-3806ABE9E105}.Debug|Any CPU.Build.0 = Debug|Any CPU
		{397F8402-364F-4021-BDC3-3806ABE9E105}.Release|Any CPU.ActiveCfg = Release|Any CPU
		{397F8402-364F-4021-BDC3-3806ABE9E105}.Release|Any CPU.Build.0 = Release|Any CPU
	EndGlobalSection
	GlobalSection(SolutionProperties) = preSolution
		HideSolutionNode = FALSE
	EndGlobalSection
	GlobalSection(ExtensibilityGlobals) = postSolution
		SolutionGuid = {6B5DE4BA-D169-4833-ABA8-82FCED2AA724}
	EndGlobalSection
EndGlobal
